
Microsoft Visual Studio Solution File, Format Version 11.00
# Visual Studio 2010
Project("{FAE04EC0-301F-11D3-BF4B-00C04F79EFBC}") = "DGO_Host", "DGO_Host.csproj", "{33EC1D84-E966-4296-AA8C-0A5784606BFE}"
EndProject
Global
	GlobalSection(SolutionConfigurationPlatforms) = preSolution
		Debug|Any CPU = Debug|Any CPU
		Release|Any CPU = Release|Any CPU
	EndGlobalSection
	GlobalSection(ProjectConfigurationPlatforms) = postSolution
		{33EC1D84-E966-4296-AA8C-0A5784606BFE}.Debug|Any CPU.ActiveCfg = Debug|Any CPU
		{33EC1D84-E966-4296-AA8C-0A5784606BFE}.Debug|Any CPU.Build.0 = Debug|Any CPU
		{33EC1D84-E966-4296-AA8C-0A5784606BFE}.Release|Any CPU.ActiveCfg = Release|Any CPU
		{33EC1D84-E966-4296-AA8C-0A5784606BFE}.Release|Any CPU.Build.0 = Release|Any CPU
	EndGlobalSection
	GlobalSection(SolutionProperties) = preSolution
		HideSolutionNode = FALSE
	EndGlobalSection
EndGlobal
